
Microsoft Visual Studio Solution File, Format Version 12.00
# Visual Studio Version 16
VisualStudioVersion = 16.0.31729.503
MinimumVisualStudioVersion = 10.0.40219.1
Project("{FAE04EC0-301F-11D3-BF4B-00C04F79EFBC}") = "oopAnimal", "oopAnimal\oopAnimal.csproj", "{1FCD2C8B-C3F7-4080-ABB3-EE6E3EC642B9}"
EndProject
Project("{FAE04EC0-301F-11D3-BF4B-00C04F79EFBC}") = "Library", "Library\Library.csproj", "{3F610C7E-4D9B-470C-9494-F84B2725AEDA}"
EndProject
Global
	GlobalSection(SolutionConfigurationPlatforms) = preSolution
		Debug|Any CPU = Debug|Any CPU
		Release|Any CPU = Release|Any CPU
	EndGlobalSection
	GlobalSection(ProjectConfigurationPlatforms) = postSolution
		{1FCD2C8B-C3F7-4080-ABB3-EE6E3EC642B9}.Debug|Any CPU.ActiveCfg = Debug|Any CPU
		{1FCD2C8B-C3F7-4080-ABB3-EE6E3EC642B9}.Debug|Any CPU.Build.0 = Debug|Any CPU
		{1FCD2C8B-C3F7-4080-ABB3-EE6E3EC642B9}.Release|Any CPU.ActiveCfg = Release|Any CPU
		{1FCD2C8B-C3F7-4080-ABB3-EE6E3EC642B9}.Release|Any CPU.Build.0 = Release|Any CPU
		{3F610C7E-4D9B-470C-9494-F84B2725AEDA}.Debug|Any CPU.ActiveCfg = Debug|Any CPU
		{3F610C7E-4D9B-470C-9494-F84B2725AEDA}.Debug|Any CPU.Build.0 = Debug|Any CPU
		{3F610C7E-4D9B-470C-9494-F84B2725AEDA}.Release|Any CPU.ActiveCfg = Release|Any CPU
		{3F610C7E-4D9B-470C-9494-F84B2725AEDA}.Release|Any CPU.Build.0 = Release|Any CPU
	EndGlobalSection
	GlobalSection(SolutionProperties) = preSolution
		HideSolutionNode = FALSE
	EndGlobalSection
	GlobalSection(ExtensibilityGlobals) = postSolution
		SolutionGuid = {A62836A1-9CA5-49A5-B58E-B9185B2B2860}
	EndGlobalSection
EndGlobal
